{
  "name": "@prodplan/scheduling-engine",
  "version": "1.0.0",
  "lockfileVersion": 3,
  "requires": true,
  "packages": {
    "": {
      "name": "@prodplan/scheduling-engine",
      "version": "1.0.0",
      "dependencies": {
        "date-fns": "^3.0.6",
        "xlsx": "^0.18.5",
        "zod": "^4.3.6"
      },
      "devDependencies": {
        "typescript": "~5.6.0",
        "vitest": "^2.0.0"
      },
      "engines": {
        "node": ">=18"
      }
    },
    "../../node_modules/.pnpm/date-fns@3.6.0/node_modules/date-fns": {
      "version": "3.6.0",
      "license": "MIT",
      "devDependencies": {
        "@babel/cli": "^7.22.10",
        "@babel/core": "^7.22.10",
        "@babel/preset-env": "^7.22.10",
        "@babel/preset-typescript": "^7.22.5",
        "@date-fns/docs": "^0.29.0",
        "@date-fns/utc": "^1.2.0",
        "@octokit/core": "^3.2.5",
        "@size-limit/esbuild": "^11.0.1",
        "@size-limit/file": "^11.0.1",
        "@types/bun": "^1.0.3",
        "@types/lodash": "^4.14.202",
        "@types/node": "^20.10.2",
        "@types/sinon": "^9.0.6",
        "@typescript-eslint/eslint-plugin": "^6.13.1",
        "@typescript-eslint/parser": "^6.13.1",
        "@vitest/browser": "^1.3.1",
        "@vitest/coverage-v8": "^1.3.1",
        "babel-plugin-add-import-extension": "^1.6.0",
        "bun": "^1.0.25",
        "cloc": "^2.2.0",
        "coveralls": "^3.1.1",
        "eslint": "^8.55.0",
        "firebase": "^3.7.1",
        "fp-ts": "^2.16.2",
        "js-fns": "^2.5.1",
        "jscodeshift": "^0.15.2",
        "lodash": "^4.17.21",
        "playwright": "^1.40.1",
        "prettier": "^3.1.0",
        "simple-git": "^2.35.2",
        "sinon": "^7.4.1",
        "size-limit": "^11.0.1",
        "tsx": "^4.6.1",
        "typedoc": "^0.25.4",
        "typedoc-plugin-missing-exports": "^2.1.0",
        "typescript": "^5.3.2",
        "vitest": "^1.3.1"
      },
      "funding": {
        "type": "github",
        "url": "https://github.com/sponsors/kossnocorp"
      }
    },
    "../../node_modules/.pnpm/typescript@5.6.3/node_modules/typescript": {
      "version": "5.6.3",
      "dev": true,
      "license": "Apache-2.0",
      "bin": {
        "tsc": "bin/tsc",
        "tsserver": "bin/tsserver"
      },
      "devDependencies": {
        "@dprint/formatter": "^0.4.1",
        "@dprint/typescript": "0.91.6",
        "@esfx/canceltoken": "^1.0.0",
        "@eslint/js": "^9.9.0",
        "@octokit/rest": "^21.0.1",
        "@types/chai": "^4.3.17",
        "@types/diff": "^5.2.1",
        "@types/minimist": "^1.2.5",
        "@types/mocha": "^10.0.7",
        "@types/ms": "^0.7.34",
        "@types/node": "latest",
        "@types/source-map-support": "^0.5.10",
        "@types/which": "^3.0.4",
        "@typescript-eslint/rule-tester": "^8.1.0",
        "@typescript-eslint/type-utils": "^8.1.0",
        "@typescript-eslint/utils": "^8.1.0",
        "azure-devops-node-api": "^14.0.2",
        "c8": "^10.1.2",
        "chai": "^4.5.0",
        "chalk": "^4.1.2",
        "chokidar": "^3.6.0",
        "diff": "^5.2.0",
        "dprint": "^0.47.2",
        "esbuild": "^0.23.0",
        "eslint": "^9.9.0",
        "eslint-formatter-autolinkable-stylish": "^1.4.0",
        "eslint-plugin-regexp": "^2.6.0",
        "fast-xml-parser": "^4.4.1",
        "glob": "^10.4.5",
        "globals": "^15.9.0",
        "hereby": "^1.9.0",
        "jsonc-parser": "^3.3.1",
        "knip": "^5.27.2",
        "minimist": "^1.2.8",
        "mocha": "^10.7.3",
        "mocha-fivemat-progress-reporter": "^0.1.0",
        "monocart-coverage-reports": "^2.10.2",
        "ms": "^2.1.3",
        "node-fetch": "^3.3.2",
        "playwright": "^1.46.0",
        "source-map-support": "^0.5.21",
        "tslib": "^2.6.3",
        "typescript": "^5.5.4",
        "typescript-eslint": "^8.1.0",
        "which": "^3.0.1"
      },
      "engines": {
        "node": ">=14.17"
      }
    },
    "../../node_modules/.pnpm/vitest@2.1.9_@types+node@20.19.37_jsdom@28.1.0/node_modules/vitest": {
      "version": "2.1.9",
      "dev": true,
      "license": "MIT",
      "dependencies": {
        "@vitest/expect": "2.1.9",
        "@vitest/mocker": "2.1.9",
        "@vitest/pretty-format": "^2.1.9",
        "@vitest/runner": "2.1.9",
        "@vitest/snapshot": "2.1.9",
        "@vitest/spy": "2.1.9",
        "@vitest/utils": "2.1.9",
        "chai": "^5.1.2",
        "debug": "^4.3.7",
        "expect-type": "^1.1.0",
        "magic-string": "^0.30.12",
        "pathe": "^1.1.2",
        "std-env": "^3.8.0",
        "tinybench": "^2.9.0",
        "tinyexec": "^0.3.1",
        "tinypool": "^1.0.1",
        "tinyrainbow": "^1.2.0",
        "vite": "^5.0.0",
        "vite-node": "2.1.9",
        "why-is-node-running": "^2.3.0"
      },
      "bin": {
        "vitest": "vitest.mjs"
      },
      "devDependencies": {
        "@ampproject/remapping": "^2.3.0",
        "@antfu/install-pkg": "^0.4.1",
        "@edge-runtime/vm": "^4.0.4",
        "@sinonjs/fake-timers": "11.1.0",
        "@types/debug": "^4.1.12",
        "@types/estree": "^1.0.6",
        "@types/istanbul-lib-coverage": "^2.0.6",
        "@types/istanbul-reports": "^3.0.4",
        "@types/jsdom": "^21.1.7",
        "@types/micromatch": "^4.0.9",
        "@types/node": "^22.9.0",
        "@types/prompts": "^2.4.9",
        "@types/sinonjs__fake-timers": "^8.1.5",
        "acorn-walk": "^8.3.4",
        "birpc": "0.2.19",
        "cac": "^6.7.14",
        "chai-subset": "^1.6.0",
        "cli-truncate": "^4.0.0",
        "fast-glob": "3.3.2",
        "find-up": "^6.3.0",
        "flatted": "^3.3.1",
        "get-tsconfig": "^4.8.1",
        "happy-dom": "^15.11.4",
        "jsdom": "^25.0.1",
        "local-pkg": "^0.5.0",
        "log-update": "^5.0.1",
        "micromatch": "^4.0.8",
        "pretty-format": "^29.7.0",
        "prompts": "^2.4.2",
        "strip-literal": "^2.1.0",
        "ws": "^8.18.0"
      },
      "engines": {
        "node": "^18.0.0 || >=20.0.0"
      },
      "funding": {
        "url": "https://opencollective.com/vitest"
      },
      "peerDependencies": {
        "@edge-runtime/vm": "*",
        "@types/node": "^18.0.0 || >=20.0.0",
        "@vitest/browser": "2.1.9",
        "@vitest/ui": "2.1.9",
        "happy-dom": "*",
        "jsdom": "*"
      },
      "peerDependenciesMeta": {
        "@edge-runtime/vm": {
          "optional": true
        },
        "@types/node": {
          "optional": true
        },
        "@vitest/browser": {
          "optional": true
        },
        "@vitest/ui": {
          "optional": true
        },
        "happy-dom": {
          "optional": true
        },
        "jsdom": {
          "optional": true
        }
      }
    },
    "../../node_modules/.pnpm/xlsx@0.18.5/node_modules/xlsx": {
      "version": "0.18.5",
      "license": "Apache-2.0",
      "dependencies": {
        "adler-32": "~1.3.0",
        "cfb": "~1.2.1",
        "codepage": "~1.15.0",
        "crc-32": "~1.2.1",
        "ssf": "~0.11.2",
        "wmf": "~1.0.1",
        "word": "~0.3.0"
      },
      "bin": {
        "xlsx": "bin/xlsx.njs"
      },
      "devDependencies": {
        "@sheetjs/uglify-js": "~2.7.3",
        "@types/node": "^8.5.9",
        "acorn": "7.4.1",
        "alex": "8.1.1",
        "blanket": "~1.2.3",
        "commander": "~2.17.1",
        "dtslint": "^0.1.2",
        "eslint": "7.23.0",
        "eslint-plugin-html": "^6.1.2",
        "eslint-plugin-json": "^2.1.2",
        "exit-on-epipe": "~1.0.1",
        "fflate": "^0.7.1",
        "jsdom": "~11.1.0",
        "markdown-spellcheck": "^1.3.1",
        "mocha": "~2.5.3",
        "sinon": "^1.17.7",
        "typescript": "2.2.0"
      },
      "engines": {
        "node": ">=0.8"
      }
    },
    "node_modules/date-fns": {
      "resolved": "../../node_modules/.pnpm/date-fns@3.6.0/node_modules/date-fns",
      "link": true
    },
    "node_modules/typescript": {
      "resolved": "../../node_modules/.pnpm/typescript@5.6.3/node_modules/typescript",
      "link": true
    },
    "node_modules/vitest": {
      "resolved": "../../node_modules/.pnpm/vitest@2.1.9_@types+node@20.19.37_jsdom@28.1.0/node_modules/vitest",
      "link": true
    },
    "node_modules/xlsx": {
      "resolved": "../../node_modules/.pnpm/xlsx@0.18.5/node_modules/xlsx",
      "link": true
    },
    "node_modules/zod": {
      "version": "4.3.6",
      "resolved": "https://registry.npmjs.org/zod/-/zod-4.3.6.tgz",
      "integrity": "sha512-rftlrkhHZOcjDwkGlnUtZZkvaPHCsDATp4pGpuOOMDaTdDDXF91wuVDJoWoPsKX/3YPQ5fHuF3STjcYyKr+Qhg==",
      "license": "MIT",
      "funding": {
        "url": "https://github.com/sponsors/colinhacks"
      }
    }
  }
}
